// !$*UTF8*$!
{
	archiveVersion = 1;
	classes = {
	};
	objectVersion = 56;
	objects = {

/* Begin PBXBuildFile section */
		4B07C44928F971A000903248 /* Kingfisher in Frameworks */ = {isa = PBXBuildFile; productRef = 4B07C44828F971A000903248 /* Kingfisher */; };
		4B07C44B28F9A2A000903248 /* PokemonImage.swift in Sources */ = {isa = PBXBuildFile; fileRef = 4B07C44A28F9A2A000903248 /* PokemonImage.swift */; };
		4B07C44D28F9A4C800903248 /* StatView.swift in Sources */ = {isa = PBXBuildFile; fileRef = 4B07C44C28F9A4C800903248 /* StatView.swift */; };
		4B07C44F28F9AC7900903248 /* StatsViewGroup.swift in Sources */ = {isa = PBXBuildFile; fileRef = 4B07C44E28F9AC7900903248 /* StatsViewGroup.swift */; };
		4B07C45128F9ADD500903248 /* PokemonDetailView.swift in Sources */ = {isa = PBXBuildFile; fileRef = 4B07C45028F9ADD500903248 /* PokemonDetailView.swift */; };
		4B4A405628F9530300B8162C /* PokedexApp.swift in Sources */ = {isa = PBXBuildFile; fileRef = 4B4A405528F9530300B8162C /* PokedexApp.swift */; };
		4B4A405828F9530300B8162C /* ContentView.swift in Sources */ = {isa = PBXBuildFile; fileRef = 4B4A405728F9530300B8162C /* ContentView.swift */; };
		4B4A405A28F9530900B8162C /* Assets.xcassets in Resources */ = {isa = PBXBuildFile; fileRef = 4B4A405928F9530900B8162C /* Assets.xcassets */; };
		4B4A405D28F9530900B8162C /* Preview Assets.xcassets in Resources */ = {isa = PBXBuildFile; fileRef = 4B4A405C28F9530900B8162C /* Preview Assets.xcassets */; };
		4B4A406728F9530A00B8162C /* PokedexTests.swift in Sources */ = {isa = PBXBuildFile; fileRef = 4B4A406628F9530A00B8162C /* PokedexTests.swift */; };
		4B4A407128F9530A00B8162C /* PokedexUITests.swift in Sources */ = {isa = PBXBuildFile; fileRef = 4B4A407028F9530A00B8162C /* PokedexUITests.swift */; };
		4B4A407328F9530A00B8162C /* PokedexUITestsLaunchTests.swift in Sources */ = {isa = PBXBuildFile; fileRef = 4B4A407228F9530A00B8162C /* PokedexUITestsLaunchTests.swift */; };
		4B4A408028F959AF00B8162C /* PokemonViewModel.swift in Sources */ = {isa = PBXBuildFile; fileRef = 4B4A407F28F959AF00B8162C /* PokemonViewModel.swift */; };
/* End PBXBuildFile section */

/* Begin PBXContainerItemProxy section */
		4B4A406328F9530A00B8162C /* PBXContainerItemProxy */ = {
			isa = PBXContainerItemProxy;
			containerPortal = 4B4A404A28F9530300B8162C /* Project object */;
			proxyType = 1;
			remoteGlobalIDString = 4B4A405128F9530300B8162C;
			remoteInfo = Pokemon;
		};
		4B4A406D28F9530A00B8162C /* PBXContainerItemProxy */ = {
			isa = PBXContainerItemProxy;
			containerPortal = 4B4A404A28F9530300B8162C /* Project object */;
			proxyType = 1;
			remoteGlobalIDString = 4B4A405128F9530300B8162C;
			remoteInfo = Pokemon;
		};
/* End PBXContainerItemProxy section */

/* Begin PBXFileReference section */
		4B07C44A28F9A2A000903248 /* PokemonImage.swift */ = {isa = PBXFileReference; lastKnownFileType = sourcecode.swift; path = PokemonImage.swift; sourceTree = "<group>"; };
		4B07C44C28F9A4C800903248 /* StatView.swift */ = {isa = PBXFileReference; lastKnownFileType = sourcecode.swift; path = StatView.swift; sourceTree = "<group>"; };
		4B07C44E28F9AC7900903248 /* StatsViewGroup.swift */ = {isa = PBXFileReference; lastKnownFileType = sourcecode.swift; path = StatsViewGroup.swift; sourceTree = "<group>"; };
		4B07C45028F9ADD500903248 /* PokemonDetailView.swift */ = {isa = PBXFileReference; lastKnownFileType = sourcecode.swift; path = PokemonDetailView.swift; sourceTree = "<group>"; };
		4B4A405228F9530300B8162C /* Pokedex.app */ = {isa = PBXFileReference; explicitFileType = wrapper.application; includeInIndex = 0; path = Pokedex.app; sourceTree = BUILT_PRODUCTS_DIR; };
		4B4A405528F9530300B8162C /* PokedexApp.swift */ = {isa = PBXFileReference; lastKnownFileType = sourcecode.swift; path = PokedexApp.swift; sourceTree = "<group>"; };
		4B4A405728F9530300B8162C /* ContentView.swift */ = {isa = PBXFileReference; lastKnownFileType = sourcecode.swift; path = ContentView.swift; sourceTree = "<group>"; };
		4B4A405928F9530900B8162C /* Assets.xcassets */ = {isa = PBXFileReference; lastKnownFileType = folder.assetcatalog; path = Assets.xcassets; sourceTree = "<group>"; };
		4B4A405C28F9530900B8162C /* Preview Assets.xcassets */ = {isa = PBXFileReference; lastKnownFileType = folder.assetcatalog; path = "Preview Assets.xcassets"; sourceTree = "<group>"; };
		4B4A406228F9530A00B8162C /* PokedexTests.xctest */ = {isa = PBXFileReference; explicitFileType = wrapper.cfbundle; includeInIndex = 0; path = PokedexTests.xctest; sourceTree = BUILT_PRODUCTS_DIR; };
		4B4A406628F9530A00B8162C /* PokedexTests.swift */ = {isa = PBXFileReference; lastKnownFileType = sourcecode.swift; path = PokedexTests.swift; sourceTree = "<group>"; };
		4B4A406C28F9530A00B8162C /* PokedexUITests.xctest */ = {isa = PBXFileReference; explicitFileType = wrapper.cfbundle; includeInIndex = 0; path = PokedexUITests.xctest; sourceTree = BUILT_PRODUCTS_DIR; };
		4B4A407028F9530A00B8162C /* PokedexUITests.swift */ = {isa = PBXFileReference; lastKnownFileType = sourcecode.swift; path = PokedexUITests.swift; sourceTree = "<group>"; };
		4B4A407228F9530A00B8162C /* PokedexUITestsLaunchTests.swift */ = {isa = PBXFileReference; lastKnownFileType = sourcecode.swift; path = PokedexUITestsLaunchTests.swift; sourceTree = "<group>"; };
		4B4A407F28F959AF00B8162C /* PokemonViewModel.swift */ = {isa = PBXFileReference; lastKnownFileType = sourcecode.swift; path = PokemonViewModel.swift; sourceTree = "<group>"; };
		4B4A408228F96FAF00B8162C /* Info.plist */ = {isa = PBXFileReference; lastKnownFileType = text.plist; path = Info.plist; sourceTree = "<group>"; };
/* End PBXFileReference section */

/* Begin PBXFrameworksBuildPhase section */
		4B4A404F28F9530300B8162C /* Frameworks */ = {
			isa = PBXFrameworksBuildPhase;
			buildActionMask = 2147483647;
			files = (
				4B07C44928F971A000903248 /* Kingfisher in Frameworks */,
			);
			runOnlyForDeploymentPostprocessing = 0;
		};
		4B4A405F28F9530A00B8162C /* Frameworks */ = {
			isa = PBXFrameworksBuildPhase;
			buildActionMask = 2147483647;
			files = (
			);
			runOnlyForDeploymentPostprocessing = 0;
		};
		4B4A406928F9530A00B8162C /* Frameworks */ = {
			isa = PBXFrameworksBuildPhase;
			buildActionMask = 2147483647;
			files = (
			);
			runOnlyForDeploymentPostprocessing = 0;
		};
/* End PBXFrameworksBuildPhase section */

/* Begin PBXGroup section */
		4B4A404928F9530300B8162C = {
			isa = PBXGroup;
			children = (
				4B4A405428F9530300B8162C /* Pokedex */,
				4B4A406528F9530A00B8162C /* PokedexTests */,
				4B4A406F28F9530A00B8162C /* PokedexUITests */,
				4B4A405328F9530300B8162C /* Products */,
			);
			sourceTree = "<group>";
		};
		4B4A405328F9530300B8162C /* Products */ = {
			isa = PBXGroup;
			children = (
				4B4A405228F9530300B8162C /* Pokedex.app */,
				4B4A406228F9530A00B8162C /* PokedexTests.xctest */,
				4B4A406C28F9530A00B8162C /* PokedexUITests.xctest */,
			);
			name = Products;
			sourceTree = "<group>";
		};
		4B4A405428F9530300B8162C /* Pokedex */ = {
			isa = PBXGroup;
			children = (
				4B4A408228F96FAF00B8162C /* Info.plist */,
				4B4A405528F9530300B8162C /* PokedexApp.swift */,
				4B4A405728F9530300B8162C /* ContentView.swift */,
				4B4A407F28F959AF00B8162C /* PokemonViewModel.swift */,
				4B07C44A28F9A2A000903248 /* PokemonImage.swift */,
				4B07C44C28F9A4C800903248 /* StatView.swift */,
				4B07C45028F9ADD500903248 /* PokemonDetailView.swift */,
				4B07C44E28F9AC7900903248 /* StatsViewGroup.swift */,
				4B4A405928F9530900B8162C /* Assets.xcassets */,
				4B4A405B28F9530900B8162C /* Preview Content */,
			);
			path = Pokedex;
			sourceTree = "<group>";
		};
		4B4A405B28F9530900B8162C /* Preview Content */ = {
			isa = PBXGroup;
			children = (
				4B4A405C28F9530900B8162C /* Preview Assets.xcassets */,
			);
			path = "Preview Content";
			sourceTree = "<group>";
		};
		4B4A406528F9530A00B8162C /* PokedexTests */ = {
			isa = PBXGroup;
			children = (
				4B4A406628F9530A00B8162C /* PokedexTests.swift */,
			);
			path = PokedexTests;
			sourceTree = "<group>";
		};
		4B4A406F28F9530A00B8162C /* PokedexUITests */ = {
			isa = PBXGroup;
			children = (
				4B4A407028F9530A00B8162C /* PokedexUITests.swift */,
				4B4A407228F9530A00B8162C /* PokedexUITestsLaunchTests.swift */,
			);
			path = PokedexUITests;
			sourceTree = "<group>";
		};
/* End PBXGroup section */

/* Begin PBXNativeTarget section */
		4B4A405128F9530300B8162C /* Pokedex */ = {
			isa = PBXNativeTarget;
			buildConfigurationList = 4B4A407628F9530A00B8162C /* Build configuration list for PBXNativeTarget "Pokedex" */;
			buildPhases = (
				4B4A404E28F9530300B8162C /* Sources */,
				4B4A404F28F9530300B8162C /* Frameworks */,
				4B4A405028F9530300B8162C /* Resources */,
			);
			buildRules = (
			);
			dependencies = (
			);
			name = Pokedex;
			packageProductDependencies = (
				4B07C44828F971A000903248 /* Kingfisher */,
			);
			productName = Pokemon;
			productReference = 4B4A405228F9530300B8162C /* Pokedex.app */;
			productType = "com.apple.product-type.application";
		};
		4B4A406128F9530A00B8162C /* PokedexTests */ = {
			isa = PBXNativeTarget;
			buildConfigurationList = 4B4A407928F9530A00B8162C /* Build configuration list for PBXNativeTarget "PokedexTests" */;
			buildPhases = (
				4B4A405E28F9530A00B8162C /* Sources */,
				4B4A405F28F9530A00B8162C /* Frameworks */,
				4B4A406028F9530A00B8162C /* Resources */,
			);
			buildRules = (
			);
			dependencies = (
				4B4A406428F9530A00B8162C /* PBXTargetDependency */,
			);
			name = PokedexTests;
			productName = PokemonTests;
			productReference = 4B4A406228F9530A00B8162C /* PokedexTests.xctest */;
			productType = "com.apple.product-type.bundle.unit-test";
		};
		4B4A406B28F9530A00B8162C /* PokedexUITests */ = {
			isa = PBXNativeTarget;
			buildConfigurationList = 4B4A407C28F9530A00B8162C /* Build configuration list for PBXNativeTarget "PokedexUITests" */;
			buildPhases = (
				4B4A406828F9530A00B8162C /* Sources */,
				4B4A406928F9530A00B8162C /* Frameworks */,
				4B4A406A28F9530A00B8162C /* Resources */,
			);
			buildRules = (
			);
			dependencies = (
				4B4A406E28F9530A00B8162C /* PBXTargetDependency */,
			);
			name = PokedexUITests;
			productName = PokemonUITests;
			productReference = 4B4A406C28F9530A00B8162C /* PokedexUITests.xctest */;
			productType = "com.apple.product-type.bundle.ui-testing";
		};
/* End PBXNativeTarget section */

/* Begin PBXProject section */
		4B4A404A28F9530300B8162C /* Project object */ = {
			isa = PBXProject;
			attributes = {
				BuildIndependentTargetsInParallel = 1;
				LastSwiftUpdateCheck = 1400;
				LastUpgradeCheck = 1400;
				TargetAttributes = {
					4B4A405128F9530300B8162C = {
						CreatedOnToolsVersion = 14.0.1;
					};
					4B4A406128F9530A00B8162C = {
						CreatedOnToolsVersion = 14.0.1;
						TestTargetID = 4B4A405128F9530300B8162C;
					};
					4B4A406B28F9530A00B8162C = {
						CreatedOnToolsVersion = 14.0.1;
						TestTargetID = 4B4A405128F9530300B8162C;
					};
				};
			};
			buildConfigurationList = 4B4A404D28F9530300B8162C /* Build configuration list for PBXProject "Pokedex" */;
			compatibilityVersion = "Xcode 14.0";
			developmentRegion = en;
			hasScannedForEncodings = 0;
			knownRegions = (
				en,
				Base,
			);
			mainGroup = 4B4A404928F9530300B8162C;
			packageReferences = (
				4B07C44728F971A000903248 /* XCRemoteSwiftPackageReference "Kingfisher" */,
			);
			productRefGroup = 4B4A405328F9530300B8162C /* Products */;
			projectDirPath = "";
			projectRoot = "";
			targets = (
				4B4A405128F9530300B8162C /* Pokedex */,
				4B4A406128F9530A00B8162C /* PokedexTests */,
				4B4A406B28F9530A00B8162C /* PokedexUITests */,
			);
		};
/* End PBXProject section */

/* Begin PBXResourcesBuildPhase section */
		4B4A405028F9530300B8162C /* Resources */ = {
			isa = PBXResourcesBuildPhase;
			buildActionMask = 2147483647;
			files = (
				4B4A405D28F9530900B8162C /* Preview Assets.xcassets in Resources */,
				4B4A405A28F9530900B8162C /* Assets.xcassets in Resources */,
			);
			runOnlyForDeploymentPostprocessing = 0;
		};
		4B4A406028F9530A00B8162C /* Resources */ = {
			isa = PBXResourcesBuildPhase;
			buildActionMask = 2147483647;
			files = (
			);
			runOnlyForDeploymentPostprocessing = 0;
		};
		4B4A406A28F9530A00B8162C /* Resources */ = {
			isa = PBXResourcesBuildPhase;
			buildActionMask = 2147483647;
			files = (
			);
			runOnlyForDeploymentPostprocessing = 0;
		};
/* End PBXResourcesBuildPhase section */

/* Begin PBXSourcesBuildPhase section */
		4B4A404E28F9530300B8162C /* Sources */ = {
			isa = PBXSourcesBuildPhase;
			buildActionMask = 2147483647;
			files = (
				4B07C44F28F9AC7900903248 /* StatsViewGroup.swift in Sources */,
				4B4A405828F9530300B8162C /* ContentView.swift in Sources */,
				4B07C44B28F9A2A000903248 /* PokemonImage.swift in Sources */,
				4B07C44D28F9A4C800903248 /* StatView.swift in Sources */,
				4B4A408028F959AF00B8162C /* PokemonViewModel.swift in Sources */,
				4B07C45128F9ADD500903248 /* PokemonDetailView.swift in Sources */,
				4B4A405628F9530300B8162C /* PokedexApp.swift in Sources */,
			);
			runOnlyForDeploymentPostprocessing = 0;
		};
		4B4A405E28F9530A00B8162C /* Sources */ = {
			isa = PBXSourcesBuildPhase;
			buildActionMask = 2147483647;
			files = (
				4B4A406728F9530A00B8162C /* PokedexTests.swift in Sources */,
			);
			runOnlyForDeploymentPostprocessing = 0;
		};
		4B4A406828F9530A00B8162C /* Sources */ = {
			isa = PBXSourcesBuildPhase;
			buildActionMask = 2147483647;
			files = (
				4B4A407328F9530A00B8162C /* PokedexUITestsLaunchTests.swift in Sources */,
				4B4A407128F9530A00B8162C /* PokedexUITests.swift in Sources */,
			);
			runOnlyForDeploymentPostprocessing = 0;
		};
/* End PBXSourcesBuildPhase section */

/* Begin PBXTargetDependency section */
		4B4A406428F9530A00B8162C /* PBXTargetDependency */ = {
			isa = PBXTargetDependency;
			target = 4B4A405128F9530300B8162C /* Pokedex */;
			targetProxy = 4B4A406328F9530A00B8162C /* PBXContainerItemProxy */;
		};
		4B4A406E28F9530A00B8162C /* PBXTargetDependency */ = {
			isa = PBXTargetDependency;
			target = 4B4A405128F9530300B8162C /* Pokedex */;
			targetProxy = 4B4A406D28F9530A00B8162C /* PBXContainerItemProxy */;
		};
/* End PBXTargetDependency section */

/* Begin XCBuildConfiguration section */
		4B4A407428F9530A00B8162C /* Debug */ = {
			isa = XCBuildConfiguration;
			buildSettings = {
				ALWAYS_SEARCH_USER_PATHS = NO;
				CLANG_ANALYZER_NONNULL = YES;
				CLANG_ANALYZER_NUMBER_OBJECT_CONVERSION = YES_AGGRESSIVE;
				CLANG_CXX_LANGUAGE_STANDARD = "gnu++20";
				CLANG_ENABLE_MODULES = YES;
				CLANG_ENABLE_OBJC_ARC = YES;
				CLANG_ENABLE_OBJC_WEAK = YES;
				CLANG_WARN_BLOCK_CAPTURE_AUTORELEASING = YES;
				CLANG_WARN_BOOL_CONVERSION = YES;
				CLANG_WARN_COMMA = YES;
				CLANG_WARN_CONSTANT_CONVERSION = YES;
				CLANG_WARN_DEPRECATED_OBJC_IMPLEMENTATIONS = YES;
				CLANG_WARN_DIRECT_OBJC_ISA_USAGE = YES_ERROR;
				CLANG_WARN_DOCUMENTATION_COMMENTS = YES;
				CLANG_WARN_EMPTY_BODY = YES;
				CLANG_WARN_ENUM_CONVERSION = YES;
				CLANG_WARN_INFINITE_RECURSION = YES;
				CLANG_WARN_INT_CONVERSION = YES;
				CLANG_WARN_NON_LITERAL_NULL_CONVERSION = YES;
				CLANG_WARN_OBJC_IMPLICIT_RETAIN_SELF = YES;
				CLANG_WARN_OBJC_LITERAL_CONVERSION = YES;
				CLANG_WARN_OBJC_ROOT_CLASS = YES_ERROR;
				CLANG_WARN_QUOTED_INCLUDE_IN_FRAMEWORK_HEADER = YES;
				CLANG_WARN_RANGE_LOOP_ANALYSIS = YES;
				CLANG_WARN_STRICT_PROTOTYPES = YES;
				CLANG_WARN_SUSPICIOUS_MOVE = YES;
				CLANG_WARN_UNGUARDED_AVAILABILITY = YES_AGGRESSIVE;
				CLANG_WARN_UNREACHABLE_CODE = YES;
				CLANG_WARN__DUPLICATE_METHOD_MATCH = YES;
				COPY_PHASE_STRIP = NO;
				DEBUG_INFORMATION_FORMAT = dwarf;
				ENABLE_STRICT_OBJC_MSGSEND = YES;
				ENABLE_TESTABILITY = YES;
				GCC_C_LANGUAGE_STANDARD = gnu11;
				GCC_DYNAMIC_NO_PIC = NO;
				GCC_NO_COMMON_BLOCKS = YES;
				GCC_OPTIMIZATION_LEVEL = 0;
				GCC_PREPROCESSOR_DEFINITIONS = (
					"DEBUG=1",
					"$(inherited)",
				);
				GCC_WARN_64_TO_32_BIT_CONVERSION = YES;
				GCC_WARN_ABOUT_RETURN_TYPE = YES_ERROR;
				GCC_WARN_UNDECLARED_SELECTOR = YES;
				GCC_WARN_UNINITIALIZED_AUTOS = YES_AGGRESSIVE;
				GCC_WARN_UNUSED_FUNCTION = YES;
				GCC_WARN_UNUSED_VARIABLE = YES;
				IPHONEOS_DEPLOYMENT_TARGET = 16.0;
				MTL_ENABLE_DEBUG_INFO = INCLUDE_SOURCE;
				MTL_FAST_MATH = YES;
				ONLY_ACTIVE_ARCH = YES;
				SDKROOT = iphoneos;
				SWIFT_ACTIVE_COMPILATION_CONDITIONS = DEBUG;
				SWIFT_OPTIMIZATION_LEVEL = "-Onone";
			};
			name = Debug;
		};
		4B4A407528F9530A00B8162C /* Release */ = {
			isa = XCBuildConfiguration;
			buildSettings = {
				ALWAYS_SEARCH_USER_PATHS = NO;
				CLANG_ANALYZER_NONNULL = YES;
				CLANG_ANALYZER_NUMBER_OBJECT_CONVERSION = YES_AGGRESSIVE;
				CLANG_CXX_LANGUAGE_STANDARD = "gnu++20";
				CLANG_ENABLE_MODULES = YES;
				CLANG_ENABLE_OBJC_ARC = YES;
				CLANG_ENABLE_OBJC_WEAK = YES;
				CLANG_WARN_BLOCK_CAPTURE_AUTORELEASING = YES;
				CLANG_WARN_BOOL_CONVERSION = YES;
				CLANG_WARN_COMMA = YES;
				CLANG_WARN_CONSTANT_CONVERSION = YES;
				CLANG_WARN_DEPRECATED_OBJC_IMPLEMENTATIONS = YES;
				CLANG_WARN_DIRECT_OBJC_ISA_USAGE = YES_ERROR;
				CLANG_WARN_DOCUMENTATION_COMMENTS = YES;
				CLANG_WARN_EMPTY_BODY = YES;
				CLANG_WARN_ENUM_CONVERSION = YES;
				CLANG_WARN_INFINITE_RECURSION = YES;
				CLANG_WARN_INT_CONVERSION = YES;
				CLANG_WARN_NON_LITERAL_NULL_CONVERSION = YES;
				CLANG_WARN_OBJC_IMPLICIT_RETAIN_SELF = YES;
				CLANG_WARN_OBJC_LITERAL_CONVERSION = YES;
				CLANG_WARN_OBJC_ROOT_CLASS = YES_ERROR;
				CLANG_WARN_QUOTED_INCLUDE_IN_FRAMEWORK_HEADER = YES;
				CLANG_WARN_RANGE_LOOP_ANALYSIS = YES;
				CLANG_WARN_STRICT_PROTOTYPES = YES;
				CLANG_WARN_SUSPICIOUS_MOVE = YES;
				CLANG_WARN_UNGUARDED_AVAILABILITY = YES_AGGRESSIVE;
				CLANG_WARN_UNREACHABLE_CODE = YES;
				CLANG_WARN__DUPLICATE_METHOD_MATCH = YES;
				COPY_PHASE_STRIP = NO;
				DEBUG_INFORMATION_FORMAT = "dwarf-with-dsym";
				ENABLE_NS_ASSERTIONS = NO;
				ENABLE_STRICT_OBJC_MSGSEND = YES;
				GCC_C_LANGUAGE_STANDARD = gnu11;
				GCC_NO_COMMON_BLOCKS = YES;
				GCC_WARN_64_TO_32_BIT_CONVERSION = YES;
				GCC_WARN_ABOUT_RETURN_TYPE = YES_ERROR;
				GCC_WARN_UNDECLARED_SELECTOR = YES;
				GCC_WARN_UNINITIALIZED_AUTOS = YES_AGGRESSIVE;
				GCC_WARN_UNUSED_FUNCTION = YES;
				GCC_WARN_UNUSED_VARIABLE = YES;
				IPHONEOS_DEPLOYMENT_TARGET = 16.0;
				MTL_ENABLE_DEBUG_INFO = NO;
				MTL_FAST_MATH = YES;
				SDKROOT = iphoneos;
				SWIFT_COMPILATION_MODE = wholemodule;
				SWIFT_OPTIMIZATION_LEVEL = "-O";
				VALIDATE_PRODUCT = YES;
			};
			name = Release;
		};
		4B4A407728F9530A00B8162C /* Debug */ = {
			isa = XCBuildConfiguration;
			buildSettings = {
				ASSETCATALOG_COMPILER_APPICON_NAME = AppIcon;
				ASSETCATALOG_COMPILER_GLOBAL_ACCENT_COLOR_NAME = AccentColor;
				CODE_SIGN_STYLE = Automatic;
				CURRENT_PROJECT_VERSION = 1;
				DEVELOPMENT_ASSET_PATHS = "\"Pokedex/Preview Content\"";
				DEVELOPMENT_TEAM = U35KJ442FC;
				ENABLE_PREVIEWS = YES;
				GENERATE_INFOPLIST_FILE = YES;
				INFOPLIST_FILE = Pokedex/Info.plist;
				INFOPLIST_KEY_UIApplicationSceneManifest_Generation = YES;
				INFOPLIST_KEY_UIApplicationSupportsIndirectInputEvents = YES;
				INFOPLIST_KEY_UILaunchScreen_Generation = YES;
				INFOPLIST_KEY_UISupportedInterfaceOrientations_iPad = "UIInterfaceOrientationPortrait UIInterfaceOrientationPortraitUpsideDown UIInterfaceOrientationLandscapeLeft UIInterfaceOrientationLandscapeRight";
				INFOPLIST_KEY_UISupportedInterfaceOrientations_iPhone = "UIInterfaceOrientationPortrait UIInterfaceOrientationLandscapeLeft UIInterfaceOrientationLandscapeRight";
				IPHONEOS_DEPLOYMENT_TARGET = 15.0;
				LD_RUNPATH_SEARCH_PATHS = (
					"$(inherited)",
					"@executable_path/Frameworks",
				);
				MARKETING_VERSION = 1.0;
				PRODUCT_BUNDLE_IDENTIFIER = tamas.Pokemon;
				PRODUCT_NAME = "$(TARGET_NAME)";
				SWIFT_EMIT_LOC_STRINGS = YES;
				SWIFT_VERSION = 5.0;
				TARGETED_DEVICE_FAMILY = "1,2";
			};
			name = Debug;
		};
		4B4A407828F9530A00B8162C /* Release */ = {
			isa = XCBuildConfiguration;
			buildSettings = {
				ASSETCATALOG_COMPILER_APPICON_NAME = AppIcon;
				ASSETCATALOG_COMPILER_GLOBAL_ACCENT_COLOR_NAME = AccentColor;
				CODE_SIGN_STYLE = Automatic;
				CURRENT_PROJECT_VERSION = 1;
				DEVELOPMENT_ASSET_PATHS = "\"Pokedex/Preview Content\"";
				DEVELOPMENT_TEAM = U35KJ442FC;
				ENABLE_PREVIEWS = YES;
				GENERATE_INFOPLIST_FILE = YES;
				INFOPLIST_FILE = Pokedex/Info.plist;
				INFOPLIST_KEY_UIApplicationSceneManifest_Generation = YES;
				INFOPLIST_KEY_UIApplicationSupportsIndirectInputEvents = YES;
				INFOPLIST_KEY_UILaunchScreen_Generation = YES;
				INFOPLIST_KEY_UISupportedInterfaceOrientations_iPad = "UIInterfaceOrientationPortrait UIInterfaceOrientationPortraitUpsideDown UIInterfaceOrientationLandscapeLeft UIInterfaceOrientationLandscapeRight";
				INFOPLIST_KEY_UISupportedInterfaceOrientations_iPhone = "UIInterfaceOrientationPortrait UIInterfaceOrientationLandscapeLeft UIInterfaceOrientationLandscapeRight";
				IPHONEOS_DEPLOYMENT_TARGET = 15.0;
				LD_RUNPATH_SEARCH_PATHS = (
					"$(inherited)",
					"@executable_path/Frameworks",
				);
				MARKETING_VERSION = 1.0;
				PRODUCT_BUNDLE_IDENTIFIER = tamas.Pokemon;
				PRODUCT_NAME = "$(TARGET_NAME)";
				SWIFT_EMIT_LOC_STRINGS = YES;
				SWIFT_VERSION = 5.0;
				TARGETED_DEVICE_FAMILY = "1,2";
			};
			name = Release;
		};
		4B4A407A28F9530A00B8162C /* Debug */ = {
			isa = XCBuildConfiguration;
			buildSettings = {
				ALWAYS_EMBED_SWIFT_STANDARD_LIBRARIES = YES;
				BUNDLE_LOADER = "$(TEST_HOST)";
				CODE_SIGN_STYLE = Automatic;
				CURRENT_PROJECT_VERSION = 1;
				DEVELOPMENT_TEAM = U35KJ442FC;
				GENERATE_INFOPLIST_FILE = YES;
				IPHONEOS_DEPLOYMENT_TARGET = 16.0;
				MARKETING_VERSION = 1.0;
				PRODUCT_BUNDLE_IDENTIFIER = tamas.PokemonTests;
				PRODUCT_NAME = "$(TARGET_NAME)";
				SWIFT_EMIT_LOC_STRINGS = NO;
				SWIFT_VERSION = 5.0;
				TARGETED_DEVICE_FAMILY = "1,2";
				TEST_HOST = "$(BUILT_PRODUCTS_DIR)/Pokedex.app/$(BUNDLE_EXECUTABLE_FOLDER_PATH)/Pokedex";
			};
			name = Debug;
		};
		4B4A407B28F9530A00B8162C /* Release */ = {
			isa = XCBuildConfiguration;
			buildSettings = {
				ALWAYS_EMBED_SWIFT_STANDARD_LIBRARIES = YES;
				BUNDLE_LOADER = "$(TEST_HOST)";
				CODE_SIGN_STYLE = Automatic;
				CURRENT_PROJECT_VERSION = 1;
				DEVELOPMENT_TEAM = U35KJ442FC;
				GENERATE_INFOPLIST_FILE = YES;
				IPHONEOS_DEPLOYMENT_TARGET = 16.0;
				MARKETING_VERSION = 1.0;
				PRODUCT_BUNDLE_IDENTIFIER = tamas.PokemonTests;
				PRODUCT_NAME = "$(TARGET_NAME)";
				SWIFT_EMIT_LOC_STRINGS = NO;
				SWIFT_VERSION = 5.0;
				TARGETED_DEVICE_FAMILY = "1,2";
				TEST_HOST = "$(BUILT_PRODUCTS_DIR)/Pokedex.app/$(BUNDLE_EXECUTABLE_FOLDER_PATH)/Pokedex";
			};
			name = Release;
		};
		4B4A407D28F9530A00B8162C /* Debug */ = {
			isa = XCBuildConfiguration;
			buildSettings = {
				ALWAYS_EMBED_SWIFT_STANDARD_LIBRARIES = YES;
				CODE_SIGN_STYLE = Automatic;
				CURRENT_PROJECT_VERSION = 1;
				DEVELOPMENT_TEAM = U35KJ442FC;
				GENERATE_INFOPLIST_FILE = YES;
				MARKETING_VERSION = 1.0;
				PRODUCT_BUNDLE_IDENTIFIER = tamas.PokemonUITests;
				PRODUCT_NAME = "$(TARGET_NAME)";
				SWIFT_EMIT_LOC_STRINGS = NO;
				SWIFT_VERSION = 5.0;
				TARGETED_DEVICE_FAMILY = "1,2";
				TEST_TARGET_NAME = Pokemon;
			};
			name = Debug;
		};
		4B4A407E28F9530A00B8162C /* Release */ = {
			isa = XCBuildConfiguration;
			buildSettings = {
				ALWAYS_EMBED_SWIFT_STANDARD_LIBRARIES = YES;
				CODE_SIGN_STYLE = Automatic;
				CURRENT_PROJECT_VERSION = 1;
				DEVELOPMENT_TEAM = U35KJ442FC;
				GENERATE_INFOPLIST_FILE = YES;
				MARKETING_VERSION = 1.0;
				PRODUCT_BUNDLE_IDENTIFIER = tamas.PokemonUITests;
				PRODUCT_NAME = "$(TARGET_NAME)";
				SWIFT_EMIT_LOC_STRINGS = NO;
				SWIFT_VERSION = 5.0;
				TARGETED_DEVICE_FAMILY = "1,2";
				TEST_TARGET_NAME = Pokemon;
			};
			name = Release;
		};
/* End XCBuildConfiguration section */

/* Begin XCConfigurationList section */
		4B4A404D28F9530300B8162C /* Build configuration list for PBXProject "Pokedex" */ = {
			isa = XCConfigurationList;
			buildConfigurations = (
				4B4A407428F9530A00B8162C /* Debug */,
				4B4A407528F9530A00B8162C /* Release */,
			);
			defaultConfigurationIsVisible = 0;
			defaultConfigurationName = Release;
		};
		4B4A407628F9530A00B8162C /* Build configuration list for PBXNativeTarget "Pokedex" */ = {
			isa = XCConfigurationList;
			buildConfigurations = (
				4B4A407728F9530A00B8162C /* Debug */,
				4B4A407828F9530A00B8162C /* Release */,
			);
			defaultConfigurationIsVisible = 0;
			defaultConfigurationName = Release;
		};
		4B4A407928F9530A00B8162C /* Build configuration list for PBXNativeTarget "PokedexTests" */ = {
			isa = XCConfigurationList;
			buildConfigurations = (
				4B4A407A28F9530A00B8162C /* Debug */,
				4B4A407B28F9530A00B8162C /* Release */,
			);
			defaultConfigurationIsVisible = 0;
			defaultConfigurationName = Release;
		};
		4B4A407C28F9530A00B8162C /* Build configuration list for PBXNativeTarget "PokedexUITests" */ = {
			isa = XCConfigurationList;
			buildConfigurations = (
				4B4A407D28F9530A00B8162C /* Debug */,
				4B4A407E28F9530A00B8162C /* Release */,
			);
			defaultConfigurationIsVisible = 0;
			defaultConfigurationName = Release;
		};
/* End XCConfigurationList section */

/* Begin XCRemoteSwiftPackageReference section */
		4B07C44728F971A000903248 /* XCRemoteSwiftPackageReference "Kingfisher" */ = {
			isa = XCRemoteSwiftPackageReference;
			repositoryURL = "https://github.com/onevcat/Kingfisher.git";
			requirement = {
				kind = upToNextMajorVersion;
				minimumVersion = 7.0.0;
			};
		};
/* End XCRemoteSwiftPackageReference section */

/* Begin XCSwiftPackageProductDependency section */
		4B07C44828F971A000903248 /* Kingfisher */ = {
			isa = XCSwiftPackageProductDependency;
			package = 4B07C44728F971A000903248 /* XCRemoteSwiftPackageReference "Kingfisher" */;
			productName = Kingfisher;
		};
/* End XCSwiftPackageProductDependency section */
	};
	rootObject = 4B4A404A28F9530300B8162C /* Project object */;
}
